
Microsoft Visual Studio Solution File, Format Version 12.00
# Visual Studio Version 16
VisualStudioVersion = 16.0.31205.134
MinimumVisualStudioVersion = 10.0.40219.1
Project("{FAE04EC0-301F-11D3-BF4B-00C04F79EFBC}") = "Projeto02", "Projeto02\Projeto02.csproj", "{204692DF-8FA2-4485-B228-37611B744079}"
EndProject
Global
	GlobalSection(SolutionConfigurationPlatforms) = preSolution
		Debug|Any CPU = Debug|Any CPU
		Release|Any CPU = Release|Any CPU
	EndGlobalSection
	GlobalSection(ProjectConfigurationPlatforms) = postSolution
		{204692DF-8FA2-4485-B228-37611B744079}.Debug|Any CPU.ActiveCfg = Debug|Any CPU
		{204692DF-8FA2-4485-B228-37611B744079}.Debug|Any CPU.Build.0 = Debug|Any CPU
		{204692DF-8FA2-4485-B228-37611B744079}.Release|Any CPU.ActiveCfg = Release|Any CPU
		{204692DF-8FA2-4485-B228-37611B744079}.Release|Any CPU.Build.0 = Release|Any CPU
	EndGlobalSection
	GlobalSection(SolutionProperties) = preSolution
		HideSolutionNode = FALSE
	EndGlobalSection
	GlobalSection(ExtensibilityGlobals) = postSolution
		SolutionGuid = {8E773D35-78BD-4F4D-B7CB-9726770C46AF}
	EndGlobalSection
EndGlobal
